{
  "nodes": {
    "home-manager": {
      "inputs": {
        "nixpkgs": [
          "nixpkgs"
        ]
      },
      "locked": {
        "lastModified": 1752338520,
        "narHash": "sha256-O1p5BwTwAqZ6sDrCxCxlZFaP/Jx4t1W8+ms9USyEcPQ=",
        "owner": "nix-community",
        "repo": "home-manager",
        "rev": "ae62fd8ad8347e6bb5b615057f39f33d595a1c47",
        "type": "github"
      },
      "original": {
        "owner": "nix-community",
        "repo": "home-manager",
        "type": "github"
      }
    },
    "nixpkgs": {
      "locked": {
        "lastModified": 1751984180,
        "narHash": "sha256-LwWRsENAZJKUdD3SpLluwDmdXY9F45ZEgCb0X+xgOL0=",
        "owner": "nixos",
        "repo": "nixpkgs",
        "rev": "9807714d6944a957c2e036f84b0ff8caf9930bc0",
        "type": "github"
      },
      "original": {
        "owner": "nixos",
        "ref": "nixos-unstable",
        "repo": "nixpkgs",
        "type": "github"
      }
    },
    "nixpkgs-stable": {
      "locked": {
        "lastModified": 1720535198,
        "narHash": "sha256-zwVvxrdIzralnSbcpghA92tWu2DV2lwv89xZc8MTrbg=",
        "owner": "nixos",
        "repo": "nixpkgs",
        "rev": "205fd4226592cc83fd4c0885a3e4c9c400efabb5",
        "type": "github"
      },
      "original": {
        "owner": "nixos",
        "ref": "nixos-23.11",
        "repo": "nixpkgs",
        "type": "github"
      }
    },
    "root": {
      "inputs": {
        "home-manager": "home-manager",
        "nixpkgs": "nixpkgs",
        "nixpkgs-stable": "nixpkgs-stable"
      }
    }
  },
  "root": "root",
  "version": 7
}
